{
    "_meta": {
        "hash": {
            "sha256": "3a239ef1f541a57dc6a2b7141580d107f5baf69fb4de4c21b514290cd0efa70a"
        },
        "pipfile-spec": 6,
        "requires": {
            "python_version": "3.10"
        },
        "sources": [
            {
                "name": "pypi",
                "url": "https://pypi.org/simple",
                "verify_ssl": true
            }
        ]
    },
    "default": {
        "mysql-connector-python": {
            "hashes": [
                "sha256:03fe54ca19c2dffa8f04ca0601a1217b126ff8306c76a9b2b4e555f8fbbd2178",
                "sha256:0aee4e3a053672ded2134eda6fff3bc64796df88c9a9e5cab130b576830e14a8",
                "sha256:2238ba121a30dd3a23d33ce3437642e38a1d4b86afaf7a487cdb0d7727db2010",
                "sha256:292974916c6908e62bb0eb864c1c5679aa5c827209a200b5658aa4b4468c19a0",
                "sha256:2a96bed643e901e91c05f421a37844939f5e2f65cc54a406ec5d95e704bda068",
                "sha256:2c358b5732666043683445e88405d58232d5bb0977d24ec55e02a315b33fecbc",
                "sha256:4142a0a4e997210558136ad2b623188c102996eda2d951a3933d6338b210f15e",
                "sha256:417c538dfd64e6d415280067f4d7ce3f901ce85c548e609247a794d205769276",
                "sha256:4d97485eb3f63ab26f6438570c4a392bb1f53c3ad9dca1bfd8b61b5ec1bba690",
                "sha256:5c72ecad9007bc52d4f213e47d3c4cf17b3a3cabfeb2d36317fd4493adf5ed7d",
                "sha256:6557942f6c6be3b41d2965456b53a244a7ce3e6fb81cb195c243549be72a6a24",
                "sha256:65808b0a9998150416ee0b5781fdff456faea247e24d505f606aea2acaf21374",
                "sha256:7c25dc2cb4fca82242d71a0bda2087bdfa3638e0c8175a747a6e765242763b4a",
                "sha256:86c3217849857113912e8fc628e13182f00955ed1257cb7bfdc3d5ac3c5ff371",
                "sha256:877552ff04800be4a53604bfee95b4078d10fcc072d54b9ea8dcd159c692742c",
                "sha256:8a6cfb611bdfea41c67c5305e8fc0e30fdacd258c489dc619f566213cce8bba9",
                "sha256:92ef9e5a37b25978a261b5a14fcfa0cf51cd96168dec4a52657bbfc1e1cb7d9a",
                "sha256:b13b136c188363e18f9b3f6237a0e6eba8601df259ab0f8687cd689f433a391b",
                "sha256:b7d149bcc455cf606a4aa604d45267fba16c8abf36056b804f8d16e8f5e753c1",
                "sha256:bddecd023c0e92182eb3159abee7385a1d38b395a58ff4d94d3d6f1abeca6334",
                "sha256:c2e973bcc6eab68e41e01438b706788e3f47b0b4d6a17fcb74583f7e0b990c5f",
                "sha256:cc09ca64db620f7c898e1fb7c61a3d6f8f21694fcd276ab2635650ce216f8556",
                "sha256:cf2684641084abc47be2dbba7bd42ce22c682bad4228a10bb12c343e1ecfc484",
                "sha256:d007c05a48fc076e5ac7ad3d76e332fa5b0e885853c2da80071ade2d6e01aba5",
                "sha256:e1afa12519671e024d80fbbf74606cc4fb96786b005d79ed959acf3584ba6af4",
                "sha256:e8338a9babe6c67287080ec9f6a0fc245de24841bc532ef97dfd1f93caf4668b"
            ],
            "index": "pypi",
            "markers": "python_version >= '3.9'",
            "version": "==9.2.0"
        }
    },
    "develop": {
        "astroid": {
            "hashes": [
                "sha256:622cc8e3048684aa42c820d9d218978021c3c3d174fb03a9f0d615921744f550",
                "sha256:d05bfd0acba96a7bd43e222828b7d9bc1e138aaeb0649707908d3702a9831248"
            ],
            "markers": "python_full_version >= '3.9.0'",
            "version": "==3.3.9"
        },
        "dill": {
            "hashes": [
                "sha256:468dff3b89520b474c0397703366b7b95eebe6303f108adf9b19da1f702be87a",
                "sha256:81aa267dddf68cbfe8029c42ca9ec6a4ab3b22371d1c450abc54422577b4512c"
            ],
            "markers": "python_version >= '3.8'",
            "version": "==0.3.9"
        },
        "isort": {
            "hashes": [
                "sha256:1cb5df28dfbc742e490c5e41bad6da41b805b0a8be7bc93cd0fb2a8a890ac450",
                "sha256:2dc5d7f65c9678d94c88dfc29161a320eec67328bc97aad576874cb4be1e9615"
            ],
            "markers": "python_full_version >= '3.9.0'",
            "version": "==6.0.1"
        },
        "mccabe": {
            "hashes": [
                "sha256:348e0240c33b60bbdf4e523192ef919f28cb2c3d7d5c7794f74009290f236325",
                "sha256:6c2d30ab6be0e4a46919781807b4f0d834ebdd6c6e3dca0bda5a15f863427b6e"
            ],
            "markers": "python_version >= '3.6'",
            "version": "==0.7.0"
        },
        "platformdirs": {
            "hashes": [
                "sha256:a03875334331946f13c549dbd8f4bac7a13a50a895a0eb1e8c6a8ace80d40a94",
                "sha256:eb437d586b6a0986388f0d6f74aa0cde27b48d0e3d66843640bfb6bdcdb6e351"
            ],
            "markers": "python_version >= '3.9'",
            "version": "==4.3.7"
        },
        "pylint": {
            "hashes": [
                "sha256:8b7c2d3e86ae3f94fb27703d521dd0b9b6b378775991f504d7c3a6275aa0a6a6",
                "sha256:b634a041aac33706d56a0d217e6587228c66427e20ec21a019bc4cdee48c040a"
            ],
            "index": "pypi",
            "markers": "python_full_version >= '3.9.0'",
            "version": "==3.3.6"
        },
        "tomli": {
            "hashes": [
                "sha256:023aa114dd824ade0100497eb2318602af309e5a55595f76b626d6d9f3b7b0a6",
                "sha256:02abe224de6ae62c19f090f68da4e27b10af2b93213d36cf44e6e1c5abd19fdd",
                "sha256:286f0ca2ffeeb5b9bd4fcc8d6c330534323ec51b2f52da063b11c502da16f30c",
                "sha256:2d0f2fdd22b02c6d81637a3c95f8cd77f995846af7414c5c4b8d0545afa1bc4b",
                "sha256:33580bccab0338d00994d7f16f4c4ec25b776af3ffaac1ed74e0b3fc95e885a8",
                "sha256:400e720fe168c0f8521520190686ef8ef033fb19fc493da09779e592861b78c6",
                "sha256:40741994320b232529c802f8bc86da4e1aa9f413db394617b9a256ae0f9a7f77",
                "sha256:465af0e0875402f1d226519c9904f37254b3045fc5084697cefb9bdde1ff99ff",
                "sha256:4a8f6e44de52d5e6c657c9fe83b562f5f4256d8ebbfe4ff922c495620a7f6cea",
                "sha256:4e340144ad7ae1533cb897d406382b4b6fede8890a03738ff1683af800d54192",
                "sha256:678e4fa69e4575eb77d103de3df8a895e1591b48e740211bd1067378c69e8249",
                "sha256:6972ca9c9cc9f0acaa56a8ca1ff51e7af152a9f87fb64623e31d5c83700080ee",
                "sha256:7fc04e92e1d624a4a63c76474610238576942d6b8950a2d7f908a340494e67e4",
                "sha256:889f80ef92701b9dbb224e49ec87c645ce5df3fa2cc548664eb8a25e03127a98",
                "sha256:8d57ca8095a641b8237d5b079147646153d22552f1c637fd3ba7f4b0b29167a8",
                "sha256:8dd28b3e155b80f4d54beb40a441d366adcfe740969820caf156c019fb5c7ec4",
                "sha256:9316dc65bed1684c9a98ee68759ceaed29d229e985297003e494aa825ebb0281",
                "sha256:a198f10c4d1b1375d7687bc25294306e551bf1abfa4eace6650070a5c1ae2744",
                "sha256:a38aa0308e754b0e3c67e344754dff64999ff9b513e691d0e786265c93583c69",
                "sha256:a92ef1a44547e894e2a17d24e7557a5e85a9e1d0048b0b5e7541f76c5032cb13",
                "sha256:ac065718db92ca818f8d6141b5f66369833d4a80a9d74435a268c52bdfa73140",
                "sha256:b82ebccc8c8a36f2094e969560a1b836758481f3dc360ce9a3277c65f374285e",
                "sha256:c954d2250168d28797dd4e3ac5cf812a406cd5a92674ee4c8f123c889786aa8e",
                "sha256:cb55c73c5f4408779d0cf3eef9f762b9c9f147a77de7b258bef0a5628adc85cc",
                "sha256:cd45e1dc79c835ce60f7404ec8119f2eb06d38b1deba146f07ced3bbc44505ff",
                "sha256:d3f5614314d758649ab2ab3a62d4f2004c825922f9e370b29416484086b264ec",
                "sha256:d920f33822747519673ee656a4b6ac33e382eca9d331c87770faa3eef562aeb2",
                "sha256:db2b95f9de79181805df90bedc5a5ab4c165e6ec3fe99f970d0e302f384ad222",
                "sha256:e59e304978767a54663af13c07b3d1af22ddee3bb2fb0618ca1593e4f593a106",
                "sha256:e85e99945e688e32d5a35c1ff38ed0b3f41f43fad8df0bdf79f72b2ba7bc5272",
                "sha256:ece47d672db52ac607a3d9599a9d48dcb2f2f735c6c2d1f34130085bb12b112a",
                "sha256:f4039b9cbc3048b2416cc57ab3bda989a6fcf9b36cf8937f01a6e731b64f80d7"
            ],
            "markers": "python_version >= '3.8'",
            "version": "==2.2.1"
        },
        "tomlkit": {
            "hashes": [
                "sha256:7a974427f6e119197f670fbbbeae7bef749a6c14e793db934baefc1b5f03efde",
                "sha256:fff5fe59a87295b278abd31bec92c15d9bc4a06885ab12bcea52c71119392e79"
            ],
            "markers": "python_version >= '3.8'",
            "version": "==0.13.2"
        },
        "typing-extensions": {
            "hashes": [
                "sha256:4b6cf02909eb5495cfbc3f6e8fd49217e6cc7944e145cdda8caa3734777f9e69",
                "sha256:98795af00fb9640edec5b8e31fc647597b4691f099ad75f469a2616be1a76dff"
            ],
            "markers": "python_version >= '3.8'",
            "version": "==4.13.1"
        }
    }
}
